
Microsoft Visual Studio Solution File, Format Version 12.00
# Visual Studio Version 17
VisualStudioVersion = 17.0.31912.275
MinimumVisualStudioVersion = 10.0.40219.1
Project("{9A19103F-16F7-4668-BE54-9A1E7A4F7556}") = "BFS_backend", "BFS_backend.csproj", "{FC85244E-9CBE-4852-B7AE-15AAA4F7B234}"
EndProject
Project("{FAE04EC0-301F-11D3-BF4B-00C04F79EFBC}") = "BFSBackendTests", "..\BFSBackendTests\BFSBackendTests.csproj", "{073E832B-05EA-44CA-AEC0-5595BDF74FC1}"
EndProject
Global
	GlobalSection(SolutionConfigurationPlatforms) = preSolution
		Debug|Any CPU = Debug|Any CPU
		Release|Any CPU = Release|Any CPU
	EndGlobalSection
	GlobalSection(ProjectConfigurationPlatforms) = postSolution
		{FC85244E-9CBE-4852-B7AE-15AAA4F7B234}.Debug|Any CPU.ActiveCfg = Debug|Any CPU
		{FC85244E-9CBE-4852-B7AE-15AAA4F7B234}.Debug|Any CPU.Build.0 = Debug|Any CPU
		{FC85244E-9CBE-4852-B7AE-15AAA4F7B234}.Release|Any CPU.ActiveCfg = Release|Any CPU
		{FC85244E-9CBE-4852-B7AE-15AAA4F7B234}.Release|Any CPU.Build.0 = Release|Any CPU
		{073E832B-05EA-44CA-AEC0-5595BDF74FC1}.Debug|Any CPU.ActiveCfg = Debug|Any CPU
		{073E832B-05EA-44CA-AEC0-5595BDF74FC1}.Debug|Any CPU.Build.0 = Debug|Any CPU
		{073E832B-05EA-44CA-AEC0-5595BDF74FC1}.Release|Any CPU.ActiveCfg = Release|Any CPU
		{073E832B-05EA-44CA-AEC0-5595BDF74FC1}.Release|Any CPU.Build.0 = Release|Any CPU
	EndGlobalSection
	GlobalSection(SolutionProperties) = preSolution
		HideSolutionNode = FALSE
	EndGlobalSection
	GlobalSection(ExtensibilityGlobals) = postSolution
		SolutionGuid = {2AD33F4C-6E60-4FE9-9734-D35B30E0A153}
	EndGlobalSection
EndGlobal
